
Microsoft Visual Studio Solution File, Format Version 12.00
# Visual Studio Version 16
VisualStudioVersion = 16.0.30406.217
MinimumVisualStudioVersion = 10.0.40219.1
Project("{FAE04EC0-301F-11D3-BF4B-00C04F79EFBC}") = "GraphQL", "GraphQL\GraphQL.csproj", "{6421CA51-BCA9-4316-AC7A-8C8D8EED8512}"
EndProject
Project("{9A19103F-16F7-4668-BE54-9A1E7A4F7556}") = "test", "test\test.csproj", "{994A63F3-401C-497A-AAC3-8B9621CA0690}"
EndProject
Global
	GlobalSection(SolutionConfigurationPlatforms) = preSolution
		Debug|Any CPU = Debug|Any CPU
		Release|Any CPU = Release|Any CPU
	EndGlobalSection
	GlobalSection(ProjectConfigurationPlatforms) = postSolution
		{6421CA51-BCA9-4316-AC7A-8C8D8EED8512}.Debug|Any CPU.ActiveCfg = Debug|Any CPU
		{6421CA51-BCA9-4316-AC7A-8C8D8EED8512}.Debug|Any CPU.Build.0 = Debug|Any CPU
		{6421CA51-BCA9-4316-AC7A-8C8D8EED8512}.Release|Any CPU.ActiveCfg = Release|Any CPU
		{6421CA51-BCA9-4316-AC7A-8C8D8EED8512}.Release|Any CPU.Build.0 = Release|Any CPU
		{994A63F3-401C-497A-AAC3-8B9621CA0690}.Debug|Any CPU.ActiveCfg = Debug|Any CPU
		{994A63F3-401C-497A-AAC3-8B9621CA0690}.Debug|Any CPU.Build.0 = Debug|Any CPU
		{994A63F3-401C-497A-AAC3-8B9621CA0690}.Release|Any CPU.ActiveCfg = Release|Any CPU
		{994A63F3-401C-497A-AAC3-8B9621CA0690}.Release|Any CPU.Build.0 = Release|Any CPU
	EndGlobalSection
	GlobalSection(SolutionProperties) = preSolution
		HideSolutionNode = FALSE
	EndGlobalSection
	GlobalSection(ExtensibilityGlobals) = postSolution
		SolutionGuid = {8C22DAF7-EA7C-4888-8EAD-39DD67499D3E}
	EndGlobalSection
EndGlobal
